
Microsoft Visual Studio Solution File, Format Version 12.00
# Visual Studio Version 16
VisualStudioVersion = 16.0.29319.158
MinimumVisualStudioVersion = 10.0.40219.1
Project("{2150E333-8FDC-42A3-9474-1A3956D46DE8}") = "Modules", "Modules", "{DD0A8F91-B92F-444A-8874-A431D3F827AF}"
EndProject
Project("{2150E333-8FDC-42A3-9474-1A3956D46DE8}") = "Services", "Services", "{ECA47D02-A93C-45F4-A82D-30EB92B92450}"
EndProject
Project("{9A19103F-16F7-4668-BE54-9A1E7A4F7556}") = "ARI.EVOS.Dealers", "Src\Modules\ARI.EVOS.Dealers\ARI.EVOS.Dealers.csproj", "{9E0A453F-002A-41CC-A0E2-ACC2E82515C8}"
EndProject
Project("{2150E333-8FDC-42A3-9474-1A3956D46DE8}") = "Models", "Models", "{A0AAE2C3-F65C-4B55-926C-76ECAF4CC25F}"
EndProject
Project("{9A19103F-16F7-4668-BE54-9A1E7A4F7556}") = "ARI.EVOS.Dealers.Models", "Src\Models\ARI.EVOS.Dealers.Models\ARI.EVOS.Dealers.Models.csproj", "{429FF2C4-EAFB-40AE-9702-CCA144A17E99}"
EndProject
Project("{2150E333-8FDC-42A3-9474-1A3956D46DE8}") = "Dealers", "Dealers", "{D9618E66-C5C0-4B5C-8EA1-EF1F42A8E0AF}"
EndProject
Project("{2150E333-8FDC-42A3-9474-1A3956D46DE8}") = "Common", "Common", "{EF523506-8186-4C1A-997E-852D95DD08BC}"
EndProject
Project("{9A19103F-16F7-4668-BE54-9A1E7A4F7556}") = "Chassis.Dapper", "Src\Services\Common\Chassis.Dapper\Chassis.Dapper.csproj", "{CDBE43B8-A44D-4F6F-967E-395BBD95D050}"
EndProject
Project("{9A19103F-16F7-4668-BE54-9A1E7A4F7556}") = "Chassis.EmbeddedResource", "Src\Services\Common\Chassis.EmbeddedResource\Chassis.EmbeddedResource.csproj", "{840944A0-DB76-415A-8AB7-EEE9B8259959}"
EndProject
Project("{9A19103F-16F7-4668-BE54-9A1E7A4F7556}") = "Chassis.Query", "Src\Services\Common\Chassis.Query\Chassis.Query.csproj", "{A49C7E29-27F3-4DB7-841E-89FA0ADD5B58}"
EndProject
Project("{9A19103F-16F7-4668-BE54-9A1E7A4F7556}") = "Chassis.RegisterServices", "Src\Services\Common\Chassis.RegisterServices\Chassis.RegisterServices.csproj", "{E4623416-57C9-4D1C-BBD2-072D52061482}"
EndProject
Project("{9A19103F-16F7-4668-BE54-9A1E7A4F7556}") = "Chassis.Command", "Src\Services\Common\Chassis.Command\Chassis.Command.csproj", "{924C9F06-7827-47ED-BE41-7B8C2E4FBD52}"
EndProject
Project("{9A19103F-16F7-4668-BE54-9A1E7A4F7556}") = "Chassis.Logger", "Src\Services\Common\Chassis.Logger\Chassis.Logger.csproj", "{00582CE7-25AF-4151-86F6-F02F12EA88A1}"
EndProject
Project("{9A19103F-16F7-4668-BE54-9A1E7A4F7556}") = "Chassis.Repository", "Src\Services\Common\Chassis.Repository\Chassis.Repository.csproj", "{9DC47D55-A2F2-42CE-8023-715B7EFF9AEC}"
EndProject
Project("{9A19103F-16F7-4668-BE54-9A1E7A4F7556}") = "Chassis.Repository.EntityFramework", "Src\Services\Common\Chassis.Repository.EntityFramework\Chassis.Repository.EntityFramework.csproj", "{C4BBB69D-5786-4BB3-A35E-447894B92E4E}"
EndProject
Project("{9A19103F-16F7-4668-BE54-9A1E7A4F7556}") = "Chassis.Domain", "Src\Services\Common\Chassis.Domain\Chassis.Domain.csproj", "{DBFDE4E2-A6E5-41DE-8D01-F712ED9980F6}"
EndProject
Project("{9A19103F-16F7-4668-BE54-9A1E7A4F7556}") = "Chassis.Domain.EntityFramework", "Src\Services\Common\Chassis.Domain.EntityFramework\Chassis.Domain.EntityFramework.csproj", "{261B2CF6-1F9D-49F1-8496-67F9A0CD5F94}"
EndProject
Project("{9A19103F-16F7-4668-BE54-9A1E7A4F7556}") = "ARI.EVOS.Dealer.Command", "Src\Services\Dealers\ARI.EVOS.Dealer.Command\ARI.EVOS.Dealer.Command.csproj", "{BD519204-8773-42F2-8CB1-F169BE1AF169}"
EndProject
Project("{9A19103F-16F7-4668-BE54-9A1E7A4F7556}") = "ARI.EVOS.Dealer.Query", "Src\Services\Dealers\ARI.EVOS.Dealer.Query\ARI.EVOS.Dealer.Query.csproj", "{647DD7D1-E134-4BAF-85B8-95D736DD99E4}"
EndProject
Project("{9A19103F-16F7-4668-BE54-9A1E7A4F7556}") = "ARI.EVOS.Dealer.AppServices", "Src\Services\Dealers\ARI.EVOS.Dealer.AppServices\ARI.EVOS.Dealer.AppServices.csproj", "{80753E0F-7438-4A08-8E6C-E4983D1A7034}"
EndProject
Project("{9A19103F-16F7-4668-BE54-9A1E7A4F7556}") = "ARI.EVOS.Dealer.Domain", "Src\Services\Dealers\ARI.EVOS.Dealer.Domain\ARI.EVOS.Dealer.Domain.csproj", "{31F5814F-B0F6-4F67-909F-A39C88937706}"
EndProject
Project("{9A19103F-16F7-4668-BE54-9A1E7A4F7556}") = "ARI.EVOS.Dealer.Infrastructure", "Src\Services\Dealers\ARI.EVOS.Dealer.Infrastructure\ARI.EVOS.Dealer.Infrastructure.csproj", "{9BB2CAE7-7DEB-4BE0-9132-380ED0B722EA}"
EndProject
Project("{9A19103F-16F7-4668-BE54-9A1E7A4F7556}") = "ARI.EVOS.CompApp", "Src\ARI.EVOS.CompApp\ARI.EVOS.CompApp.csproj", "{967125B5-2366-4997-9069-B98AD1671E2D}"
EndProject
Project("{9A19103F-16F7-4668-BE54-9A1E7A4F7556}") = "ARI.EVOS.Common.Models", "Src\Models\ARI.EVOS.Common.Models\ARI.EVOS.Common.Models.csproj", "{35B6A530-F214-48AA-A1AF-3C45994FC9C5}"
EndProject
Project("{9A19103F-16F7-4668-BE54-9A1E7A4F7556}") = "ARI.EVOS.Common", "Src\Modules\ARI.EVOS.Common\ARI.EVOS.Common.csproj", "{8488647C-280B-4FAE-9220-555663B36001}"
EndProject
Project("{2150E333-8FDC-42A3-9474-1A3956D46DE8}") = "Installer", "Installer", "{C16FB88E-0064-4E10-9DE0-8B486FF13040}"
EndProject
Project("{54435603-DBB4-11D2-8724-00A0C9A8B90C}") = "ARI.eVolve.Installer", "Installer\ARI.EVOS.Installer\ARI.EVOS.Installer.vdproj", "{4619B82F-151D-4931-B868-56EF48D60A69}"
EndProject
Project("{9A19103F-16F7-4668-BE54-9A1E7A4F7556}") = "ARI.EVOS.Infra", "Src\ARI.EVOS.Infra\ARI.EVOS.Infra.csproj", "{E3A46DEA-6C09-4D71-AAE8-1C1D8135E23A}"
EndProject
Project("{2150E333-8FDC-42A3-9474-1A3956D46DE8}") = "Tests", "Tests", "{CCD06D70-BCA2-40C7-9595-CBCCAB28A728}"
EndProject
Project("{9A19103F-16F7-4668-BE54-9A1E7A4F7556}") = "ARI.EVOS.Dealer.Domain.Tests", "Tests\ARI.EVOS.Dealer.Domain.Tests\ARI.EVOS.Dealer.Domain.Tests.csproj", "{D121842F-8E33-4A28-AE16-4181BD575BC4}"
EndProject
Project("{9A19103F-16F7-4668-BE54-9A1E7A4F7556}") = "ARI.EVOS.Dealers.Tests", "Tests\ARI.EVOS.Dealers.Tests\ARI.EVOS.Dealers.Tests.csproj", "{B5D7D218-5570-4065-A34B-B05EA8B728B7}"
EndProject
Project("{9A19103F-16F7-4668-BE54-9A1E7A4F7556}") = "Chassis.Domain.NHibernate", "Src\Services\Common\Chassis.Domain.NHibernate\Chassis.Domain.NHibernate.csproj", "{9B3B34DF-98D0-4402-84C7-305DF1DBA0AD}"
EndProject
Project("{9A19103F-16F7-4668-BE54-9A1E7A4F7556}") = "Chassis.Repository.NHibernate", "Src\Services\Common\Chassis.Repository.NHibernate\Chassis.Repository.NHibernate.csproj", "{9ADAE561-4AC1-4D13-AB6D-8BF09B5F7B59}"
EndProject
Global
	GlobalSection(SolutionConfigurationPlatforms) = preSolution
		Debug|Any CPU = Debug|Any CPU
		Debug|ARM = Debug|ARM
		Debug|ARM64 = Debug|ARM64
		Debug|x64 = Debug|x64
		Debug|x86 = Debug|x86
		Release|Any CPU = Release|Any CPU
		Release|ARM = Release|ARM
		Release|ARM64 = Release|ARM64
		Release|x64 = Release|x64
		Release|x86 = Release|x86
	EndGlobalSection
	GlobalSection(ProjectConfigurationPlatforms) = postSolution
		{9E0A453F-002A-41CC-A0E2-ACC2E82515C8}.Debug|Any CPU.ActiveCfg = Debug|Any CPU
		{9E0A453F-002A-41CC-A0E2-ACC2E82515C8}.Debug|Any CPU.Build.0 = Debug|Any CPU
		{9E0A453F-002A-41CC-A0E2-ACC2E82515C8}.Debug|ARM.ActiveCfg = Debug|Any CPU
		{9E0A453F-002A-41CC-A0E2-ACC2E82515C8}.Debug|ARM.Build.0 = Debug|Any CPU
		{9E0A453F-002A-41CC-A0E2-ACC2E82515C8}.Debug|ARM64.ActiveCfg = Debug|Any CPU
		{9E0A453F-002A-41CC-A0E2-ACC2E82515C8}.Debug|ARM64.Build.0 = Debug|Any CPU
		{9E0A453F-002A-41CC-A0E2-ACC2E82515C8}.Debug|x64.ActiveCfg = Debug|Any CPU
		{9E0A453F-002A-41CC-A0E2-ACC2E82515C8}.Debug|x64.Build.0 = Debug|Any CPU
		{9E0A453F-002A-41CC-A0E2-ACC2E82515C8}.Debug|x86.ActiveCfg = Debug|Any CPU
		{9E0A453F-002A-41CC-A0E2-ACC2E82515C8}.Debug|x86.Build.0 = Debug|Any CPU
		{9E0A453F-002A-41CC-A0E2-ACC2E82515C8}.Release|Any CPU.ActiveCfg = Release|Any CPU
		{9E0A453F-002A-41CC-A0E2-ACC2E82515C8}.Release|Any CPU.Build.0 = Release|Any CPU
		{9E0A453F-002A-41CC-A0E2-ACC2E82515C8}.Release|ARM.ActiveCfg = Release|Any CPU
		{9E0A453F-002A-41CC-A0E2-ACC2E82515C8}.Release|ARM.Build.0 = Release|Any CPU
		{9E0A453F-002A-41CC-A0E2-ACC2E82515C8}.Release|ARM64.ActiveCfg = Release|Any CPU
		{9E0A453F-002A-41CC-A0E2-ACC2E82515C8}.Release|ARM64.Build.0 = Release|Any CPU
		{9E0A453F-002A-41CC-A0E2-ACC2E82515C8}.Release|x64.ActiveCfg = Release|Any CPU
		{9E0A453F-002A-41CC-A0E2-ACC2E82515C8}.Release|x64.Build.0 = Release|Any CPU
		{9E0A453F-002A-41CC-A0E2-ACC2E82515C8}.Release|x86.ActiveCfg = Release|Any CPU
		{9E0A453F-002A-41CC-A0E2-ACC2E82515C8}.Release|x86.Build.0 = Release|Any CPU
		{429FF2C4-EAFB-40AE-9702-CCA144A17E99}.Debug|Any CPU.ActiveCfg = Debug|Any CPU
		{429FF2C4-EAFB-40AE-9702-CCA144A17E99}.Debug|Any CPU.Build.0 = Debug|Any CPU
		{429FF2C4-EAFB-40AE-9702-CCA144A17E99}.Debug|ARM.ActiveCfg = Debug|Any CPU
		{429FF2C4-EAFB-40AE-9702-CCA144A17E99}.Debug|ARM.Build.0 = Debug|Any CPU
		{429FF2C4-EAFB-40AE-9702-CCA144A17E99}.Debug|ARM64.ActiveCfg = Debug|Any CPU
		{429FF2C4-EAFB-40AE-9702-CCA144A17E99}.Debug|ARM64.Build.0 = Debug|Any CPU
		{429FF2C4-EAFB-40AE-9702-CCA144A17E99}.Debug|x64.ActiveCfg = Debug|Any CPU
		{429FF2C4-EAFB-40AE-9702-CCA144A17E99}.Debug|x64.Build.0 = Debug|Any CPU
		{429FF2C4-EAFB-40AE-9702-CCA144A17E99}.Debug|x86.ActiveCfg = Debug|Any CPU
		{429FF2C4-EAFB-40AE-9702-CCA144A17E99}.Debug|x86.Build.0 = Debug|Any CPU
		{429FF2C4-EAFB-40AE-9702-CCA144A17E99}.Release|Any CPU.ActiveCfg = Release|Any CPU
		{429FF2C4-EAFB-40AE-9702-CCA144A17E99}.Release|Any CPU.Build.0 = Release|Any CPU
		{429FF2C4-EAFB-40AE-9702-CCA144A17E99}.Release|ARM.ActiveCfg = Release|Any CPU
		{429FF2C4-EAFB-40AE-9702-CCA144A17E99}.Release|ARM.Build.0 = Release|Any CPU
		{429FF2C4-EAFB-40AE-9702-CCA144A17E99}.Release|ARM64.ActiveCfg = Release|Any CPU
		{429FF2C4-EAFB-40AE-9702-CCA144A17E99}.Release|ARM64.Build.0 = Release|Any CPU
		{429FF2C4-EAFB-40AE-9702-CCA144A17E99}.Release|x64.ActiveCfg = Release|Any CPU
		{429FF2C4-EAFB-40AE-9702-CCA144A17E99}.Release|x64.Build.0 = Release|Any CPU
		{429FF2C4-EAFB-40AE-9702-CCA144A17E99}.Release|x86.ActiveCfg = Release|Any CPU
		{429FF2C4-EAFB-40AE-9702-CCA144A17E99}.Release|x86.Build.0 = Release|Any CPU
		{CDBE43B8-A44D-4F6F-967E-395BBD95D050}.Debug|Any CPU.ActiveCfg = Debug|Any CPU
		{CDBE43B8-A44D-4F6F-967E-395BBD95D050}.Debug|Any CPU.Build.0 = Debug|Any CPU
		{CDBE43B8-A44D-4F6F-967E-395BBD95D050}.Debug|ARM.ActiveCfg = Debug|Any CPU
		{CDBE43B8-A44D-4F6F-967E-395BBD95D050}.Debug|ARM.Build.0 = Debug|Any CPU
		{CDBE43B8-A44D-4F6F-967E-395BBD95D050}.Debug|ARM64.ActiveCfg = Debug|Any CPU
		{CDBE43B8-A44D-4F6F-967E-395BBD95D050}.Debug|ARM64.Build.0 = Debug|Any CPU
		{CDBE43B8-A44D-4F6F-967E-395BBD95D050}.Debug|x64.ActiveCfg = Debug|Any CPU
		{CDBE43B8-A44D-4F6F-967E-395BBD95D050}.Debug|x64.Build.0 = Debug|Any CPU
		{CDBE43B8-A44D-4F6F-967E-395BBD95D050}.Debug|x86.ActiveCfg = Debug|Any CPU
		{CDBE43B8-A44D-4F6F-967E-395BBD95D050}.Debug|x86.Build.0 = Debug|Any CPU
		{CDBE43B8-A44D-4F6F-967E-395BBD95D050}.Release|Any CPU.ActiveCfg = Release|Any CPU
		{CDBE43B8-A44D-4F6F-967E-395BBD95D050}.Release|Any CPU.Build.0 = Release|Any CPU
		{CDBE43B8-A44D-4F6F-967E-395BBD95D050}.Release|ARM.ActiveCfg = Release|Any CPU
		{CDBE43B8-A44D-4F6F-967E-395BBD95D050}.Release|ARM.Build.0 = Release|Any CPU
		{CDBE43B8-A44D-4F6F-967E-395BBD95D050}.Release|ARM64.ActiveCfg = Release|Any CPU
		{CDBE43B8-A44D-4F6F-967E-395BBD95D050}.Release|ARM64.Build.0 = Release|Any CPU
		{CDBE43B8-A44D-4F6F-967E-395BBD95D050}.Release|x64.ActiveCfg = Release|Any CPU
		{CDBE43B8-A44D-4F6F-967E-395BBD95D050}.Release|x64.Build.0 = Release|Any CPU
		{CDBE43B8-A44D-4F6F-967E-395BBD95D050}.Release|x86.ActiveCfg = Release|Any CPU
		{CDBE43B8-A44D-4F6F-967E-395BBD95D050}.Release|x86.Build.0 = Release|Any CPU
		{840944A0-DB76-415A-8AB7-EEE9B8259959}.Debug|Any CPU.ActiveCfg = Debug|Any CPU
		{840944A0-DB76-415A-8AB7-EEE9B8259959}.Debug|Any CPU.Build.0 = Debug|Any CPU
		{840944A0-DB76-415A-8AB7-EEE9B8259959}.Debug|ARM.ActiveCfg = Debug|Any CPU
		{840944A0-DB76-415A-8AB7-EEE9B8259959}.Debug|ARM.Build.0 = Debug|Any CPU
		{840944A0-DB76-415A-8AB7-EEE9B8259959}.Debug|ARM64.ActiveCfg = Debug|Any CPU
		{840944A0-DB76-415A-8AB7-EEE9B8259959}.Debug|ARM64.Build.0 = Debug|Any CPU
		{840944A0-DB76-415A-8AB7-EEE9B8259959}.Debug|x64.ActiveCfg = Debug|Any CPU
		{840944A0-DB76-415A-8AB7-EEE9B8259959}.Debug|x64.Build.0 = Debug|Any CPU
		{840944A0-DB76-415A-8AB7-EEE9B8259959}.Debug|x86.ActiveCfg = Debug|Any CPU
		{840944A0-DB76-415A-8AB7-EEE9B8259959}.Debug|x86.Build.0 = Debug|Any CPU
		{840944A0-DB76-415A-8AB7-EEE9B8259959}.Release|Any CPU.ActiveCfg = Release|Any CPU
		{840944A0-DB76-415A-8AB7-EEE9B8259959}.Release|Any CPU.Build.0 = Release|Any CPU
		{840944A0-DB76-415A-8AB7-EEE9B8259959}.Release|ARM.ActiveCfg = Release|Any CPU
		{840944A0-DB76-415A-8AB7-EEE9B8259959}.Release|ARM.Build.0 = Release|Any CPU
		{840944A0-DB76-415A-8AB7-EEE9B8259959}.Release|ARM64.ActiveCfg = Release|Any CPU
		{840944A0-DB76-415A-8AB7-EEE9B8259959}.Release|ARM64.Build.0 = Release|Any CPU
		{840944A0-DB76-415A-8AB7-EEE9B8259959}.Release|x64.ActiveCfg = Release|Any CPU
		{840944A0-DB76-415A-8AB7-EEE9B8259959}.Release|x64.Build.0 = Release|Any CPU
		{840944A0-DB76-415A-8AB7-EEE9B8259959}.Release|x86.ActiveCfg = Release|Any CPU
		{840944A0-DB76-415A-8AB7-EEE9B8259959}.Release|x86.Build.0 = Release|Any CPU
		{A49C7E29-27F3-4DB7-841E-89FA0ADD5B58}.Debug|Any CPU.ActiveCfg = Debug|Any CPU
		{A49C7E29-27F3-4DB7-841E-89FA0ADD5B58}.Debug|Any CPU.Build.0 = Debug|Any CPU
		{A49C7E29-27F3-4DB7-841E-89FA0ADD5B58}.Debug|ARM.ActiveCfg = Debug|Any CPU
		{A49C7E29-27F3-4DB7-841E-89FA0ADD5B58}.Debug|ARM.Build.0 = Debug|Any CPU
		{A49C7E29-27F3-4DB7-841E-89FA0ADD5B58}.Debug|ARM64.ActiveCfg = Debug|Any CPU
		{A49C7E29-27F3-4DB7-841E-89FA0ADD5B58}.Debug|ARM64.Build.0 = Debug|Any CPU
		{A49C7E29-27F3-4DB7-841E-89FA0ADD5B58}.Debug|x64.ActiveCfg = Debug|Any CPU
		{A49C7E29-27F3-4DB7-841E-89FA0ADD5B58}.Debug|x64.Build.0 = Debug|Any CPU
		{A49C7E29-27F3-4DB7-841E-89FA0ADD5B58}.Debug|x86.ActiveCfg = Debug|Any CPU
		{A49C7E29-27F3-4DB7-841E-89FA0ADD5B58}.Debug|x86.Build.0 = Debug|Any CPU
		{A49C7E29-27F3-4DB7-841E-89FA0ADD5B58}.Release|Any CPU.ActiveCfg = Release|Any CPU
		{A49C7E29-27F3-4DB7-841E-89FA0ADD5B58}.Release|Any CPU.Build.0 = Release|Any CPU
		{A49C7E29-27F3-4DB7-841E-89FA0ADD5B58}.Release|ARM.ActiveCfg = Release|Any CPU
		{A49C7E29-27F3-4DB7-841E-89FA0ADD5B58}.Release|ARM.Build.0 = Release|Any CPU
		{A49C7E29-27F3-4DB7-841E-89FA0ADD5B58}.Release|ARM64.ActiveCfg = Release|Any CPU
		{A49C7E29-27F3-4DB7-841E-89FA0ADD5B58}.Release|ARM64.Build.0 = Release|Any CPU
		{A49C7E29-27F3-4DB7-841E-89FA0ADD5B58}.Release|x64.ActiveCfg = Release|Any CPU
		{A49C7E29-27F3-4DB7-841E-89FA0ADD5B58}.Release|x64.Build.0 = Release|Any CPU
		{A49C7E29-27F3-4DB7-841E-89FA0ADD5B58}.Release|x86.ActiveCfg = Release|Any CPU
		{A49C7E29-27F3-4DB7-841E-89FA0ADD5B58}.Release|x86.Build.0 = Release|Any CPU
		{E4623416-57C9-4D1C-BBD2-072D52061482}.Debug|Any CPU.ActiveCfg = Debug|Any CPU
		{E4623416-57C9-4D1C-BBD2-072D52061482}.Debug|Any CPU.Build.0 = Debug|Any CPU
		{E4623416-57C9-4D1C-BBD2-072D52061482}.Debug|ARM.ActiveCfg = Debug|Any CPU
		{E4623416-57C9-4D1C-BBD2-072D52061482}.Debug|ARM.Build.0 = Debug|Any CPU
		{E4623416-57C9-4D1C-BBD2-072D52061482}.Debug|ARM64.ActiveCfg = Debug|Any CPU
		{E4623416-57C9-4D1C-BBD2-072D52061482}.Debug|ARM64.Build.0 = Debug|Any CPU
		{E4623416-57C9-4D1C-BBD2-072D52061482}.Debug|x64.ActiveCfg = Debug|Any CPU
		{E4623416-57C9-4D1C-BBD2-072D52061482}.Debug|x64.Build.0 = Debug|Any CPU
		{E4623416-57C9-4D1C-BBD2-072D52061482}.Debug|x86.ActiveCfg = Debug|Any CPU
		{E4623416-57C9-4D1C-BBD2-072D52061482}.Debug|x86.Build.0 = Debug|Any CPU
		{E4623416-57C9-4D1C-BBD2-072D52061482}.Release|Any CPU.ActiveCfg = Release|Any CPU
		{E4623416-57C9-4D1C-BBD2-072D52061482}.Release|Any CPU.Build.0 = Release|Any CPU
		{E4623416-57C9-4D1C-BBD2-072D52061482}.Release|ARM.ActiveCfg = Release|Any CPU
		{E4623416-57C9-4D1C-BBD2-072D52061482}.Release|ARM.Build.0 = Release|Any CPU
		{E4623416-57C9-4D1C-BBD2-072D52061482}.Release|ARM64.ActiveCfg = Release|Any CPU
		{E4623416-57C9-4D1C-BBD2-072D52061482}.Release|ARM64.Build.0 = Release|Any CPU
		{E4623416-57C9-4D1C-BBD2-072D52061482}.Release|x64.ActiveCfg = Release|Any CPU
		{E4623416-57C9-4D1C-BBD2-072D52061482}.Release|x64.Build.0 = Release|Any CPU
		{E4623416-57C9-4D1C-BBD2-072D52061482}.Release|x86.ActiveCfg = Release|Any CPU
		{E4623416-57C9-4D1C-BBD2-072D52061482}.Release|x86.Build.0 = Release|Any CPU
		{924C9F06-7827-47ED-BE41-7B8C2E4FBD52}.Debug|Any CPU.ActiveCfg = Debug|Any CPU
		{924C9F06-7827-47ED-BE41-7B8C2E4FBD52}.Debug|Any CPU.Build.0 = Debug|Any CPU
		{924C9F06-7827-47ED-BE41-7B8C2E4FBD52}.Debug|ARM.ActiveCfg = Debug|Any CPU
		{924C9F06-7827-47ED-BE41-7B8C2E4FBD52}.Debug|ARM.Build.0 = Debug|Any CPU
		{924C9F06-7827-47ED-BE41-7B8C2E4FBD52}.Debug|ARM64.ActiveCfg = Debug|Any CPU
		{924C9F06-7827-47ED-BE41-7B8C2E4FBD52}.Debug|ARM64.Build.0 = Debug|Any CPU
		{924C9F06-7827-47ED-BE41-7B8C2E4FBD52}.Debug|x64.ActiveCfg = Debug|Any CPU
		{924C9F06-7827-47ED-BE41-7B8C2E4FBD52}.Debug|x64.Build.0 = Debug|Any CPU
		{924C9F06-7827-47ED-BE41-7B8C2E4FBD52}.Debug|x86.ActiveCfg = Debug|Any CPU
		{924C9F06-7827-47ED-BE41-7B8C2E4FBD52}.Debug|x86.Build.0 = Debug|Any CPU
		{924C9F06-7827-47ED-BE41-7B8C2E4FBD52}.Release|Any CPU.ActiveCfg = Release|Any CPU
		{924C9F06-7827-47ED-BE41-7B8C2E4FBD52}.Release|Any CPU.Build.0 = Release|Any CPU
		{924C9F06-7827-47ED-BE41-7B8C2E4FBD52}.Release|ARM.ActiveCfg = Release|Any CPU
		{924C9F06-7827-47ED-BE41-7B8C2E4FBD52}.Release|ARM.Build.0 = Release|Any CPU
		{924C9F06-7827-47ED-BE41-7B8C2E4FBD52}.Release|ARM64.ActiveCfg = Release|Any CPU
		{924C9F06-7827-47ED-BE41-7B8C2E4FBD52}.Release|ARM64.Build.0 = Release|Any CPU
		{924C9F06-7827-47ED-BE41-7B8C2E4FBD52}.Release|x64.ActiveCfg = Release|Any CPU
		{924C9F06-7827-47ED-BE41-7B8C2E4FBD52}.Release|x64.Build.0 = Release|Any CPU
		{924C9F06-7827-47ED-BE41-7B8C2E4FBD52}.Release|x86.ActiveCfg = Release|Any CPU
		{924C9F06-7827-47ED-BE41-7B8C2E4FBD52}.Release|x86.Build.0 = Release|Any CPU
		{00582CE7-25AF-4151-86F6-F02F12EA88A1}.Debug|Any CPU.ActiveCfg = Debug|Any CPU
		{00582CE7-25AF-4151-86F6-F02F12EA88A1}.Debug|Any CPU.Build.0 = Debug|Any CPU
		{00582CE7-25AF-4151-86F6-F02F12EA88A1}.Debug|ARM.ActiveCfg = Debug|Any CPU
		{00582CE7-25AF-4151-86F6-F02F12EA88A1}.Debug|ARM.Build.0 = Debug|Any CPU
		{00582CE7-25AF-4151-86F6-F02F12EA88A1}.Debug|ARM64.ActiveCfg = Debug|Any CPU
		{00582CE7-25AF-4151-86F6-F02F12EA88A1}.Debug|ARM64.Build.0 = Debug|Any CPU
		{00582CE7-25AF-4151-86F6-F02F12EA88A1}.Debug|x64.ActiveCfg = Debug|Any CPU
		{00582CE7-25AF-4151-86F6-F02F12EA88A1}.Debug|x64.Build.0 = Debug|Any CPU
		{00582CE7-25AF-4151-86F6-F02F12EA88A1}.Debug|x86.ActiveCfg = Debug|Any CPU
		{00582CE7-25AF-4151-86F6-F02F12EA88A1}.Debug|x86.Build.0 = Debug|Any CPU
		{00582CE7-25AF-4151-86F6-F02F12EA88A1}.Release|Any CPU.ActiveCfg = Release|Any CPU
		{00582CE7-25AF-4151-86F6-F02F12EA88A1}.Release|Any CPU.Build.0 = Release|Any CPU
		{00582CE7-25AF-4151-86F6-F02F12EA88A1}.Release|ARM.ActiveCfg = Release|Any CPU
		{00582CE7-25AF-4151-86F6-F02F12EA88A1}.Release|ARM.Build.0 = Release|Any CPU
		{00582CE7-25AF-4151-86F6-F02F12EA88A1}.Release|ARM64.ActiveCfg = Release|Any CPU
		{00582CE7-25AF-4151-86F6-F02F12EA88A1}.Release|ARM64.Build.0 = Release|Any CPU
		{00582CE7-25AF-4151-86F6-F02F12EA88A1}.Release|x64.ActiveCfg = Release|Any CPU
		{00582CE7-25AF-4151-86F6-F02F12EA88A1}.Release|x64.Build.0 = Release|Any CPU
		{00582CE7-25AF-4151-86F6-F02F12EA88A1}.Release|x86.ActiveCfg = Release|Any CPU
		{00582CE7-25AF-4151-86F6-F02F12EA88A1}.Release|x86.Build.0 = Release|Any CPU
		{9DC47D55-A2F2-42CE-8023-715B7EFF9AEC}.Debug|Any CPU.ActiveCfg = Debug|Any CPU
		{9DC47D55-A2F2-42CE-8023-715B7EFF9AEC}.Debug|Any CPU.Build.0 = Debug|Any CPU
		{9DC47D55-A2F2-42CE-8023-715B7EFF9AEC}.Debug|ARM.ActiveCfg = Debug|Any CPU
		{9DC47D55-A2F2-42CE-8023-715B7EFF9AEC}.Debug|ARM.Build.0 = Debug|Any CPU
		{9DC47D55-A2F2-42CE-8023-715B7EFF9AEC}.Debug|ARM64.ActiveCfg = Debug|Any CPU
		{9DC47D55-A2F2-42CE-8023-715B7EFF9AEC}.Debug|ARM64.Build.0 = Debug|Any CPU
		{9DC47D55-A2F2-42CE-8023-715B7EFF9AEC}.Debug|x64.ActiveCfg = Debug|Any CPU
		{9DC47D55-A2F2-42CE-8023-715B7EFF9AEC}.Debug|x64.Build.0 = Debug|Any CPU
		{9DC47D55-A2F2-42CE-8023-715B7EFF9AEC}.Debug|x86.ActiveCfg = Debug|Any CPU
		{9DC47D55-A2F2-42CE-8023-715B7EFF9AEC}.Debug|x86.Build.0 = Debug|Any CPU
		{9DC47D55-A2F2-42CE-8023-715B7EFF9AEC}.Release|Any CPU.ActiveCfg = Release|Any CPU
		{9DC47D55-A2F2-42CE-8023-715B7EFF9AEC}.Release|Any CPU.Build.0 = Release|Any CPU
		{9DC47D55-A2F2-42CE-8023-715B7EFF9AEC}.Release|ARM.ActiveCfg = Release|Any CPU
		{9DC47D55-A2F2-42CE-8023-715B7EFF9AEC}.Release|ARM.Build.0 = Release|Any CPU
		{9DC47D55-A2F2-42CE-8023-715B7EFF9AEC}.Release|ARM64.ActiveCfg = Release|Any CPU
		{9DC47D55-A2F2-42CE-8023-715B7EFF9AEC}.Release|ARM64.Build.0 = Release|Any CPU
		{9DC47D55-A2F2-42CE-8023-715B7EFF9AEC}.Release|x64.ActiveCfg = Release|Any CPU
		{9DC47D55-A2F2-42CE-8023-715B7EFF9AEC}.Release|x64.Build.0 = Release|Any CPU
		{9DC47D55-A2F2-42CE-8023-715B7EFF9AEC}.Release|x86.ActiveCfg = Release|Any CPU
		{9DC47D55-A2F2-42CE-8023-715B7EFF9AEC}.Release|x86.Build.0 = Release|Any CPU
		{C4BBB69D-5786-4BB3-A35E-447894B92E4E}.Debug|Any CPU.ActiveCfg = Debug|Any CPU
		{C4BBB69D-5786-4BB3-A35E-447894B92E4E}.Debug|Any CPU.Build.0 = Debug|Any CPU
		{C4BBB69D-5786-4BB3-A35E-447894B92E4E}.Debug|ARM.ActiveCfg = Debug|Any CPU
		{C4BBB69D-5786-4BB3-A35E-447894B92E4E}.Debug|ARM.Build.0 = Debug|Any CPU
		{C4BBB69D-5786-4BB3-A35E-447894B92E4E}.Debug|ARM64.ActiveCfg = Debug|Any CPU
		{C4BBB69D-5786-4BB3-A35E-447894B92E4E}.Debug|ARM64.Build.0 = Debug|Any CPU
		{C4BBB69D-5786-4BB3-A35E-447894B92E4E}.Debug|x64.ActiveCfg = Debug|Any CPU
		{C4BBB69D-5786-4BB3-A35E-447894B92E4E}.Debug|x64.Build.0 = Debug|Any CPU
		{C4BBB69D-5786-4BB3-A35E-447894B92E4E}.Debug|x86.ActiveCfg = Debug|Any CPU
		{C4BBB69D-5786-4BB3-A35E-447894B92E4E}.Debug|x86.Build.0 = Debug|Any CPU
		{C4BBB69D-5786-4BB3-A35E-447894B92E4E}.Release|Any CPU.ActiveCfg = Release|Any CPU
		{C4BBB69D-5786-4BB3-A35E-447894B92E4E}.Release|Any CPU.Build.0 = Release|Any CPU
		{C4BBB69D-5786-4BB3-A35E-447894B92E4E}.Release|ARM.ActiveCfg = Release|Any CPU
		{C4BBB69D-5786-4BB3-A35E-447894B92E4E}.Release|ARM.Build.0 = Release|Any CPU
		{C4BBB69D-5786-4BB3-A35E-447894B92E4E}.Release|ARM64.ActiveCfg = Release|Any CPU
		{C4BBB69D-5786-4BB3-A35E-447894B92E4E}.Release|ARM64.Build.0 = Release|Any CPU
		{C4BBB69D-5786-4BB3-A35E-447894B92E4E}.Release|x64.ActiveCfg = Release|Any CPU
		{C4BBB69D-5786-4BB3-A35E-447894B92E4E}.Release|x64.Build.0 = Release|Any CPU
		{C4BBB69D-5786-4BB3-A35E-447894B92E4E}.Release|x86.ActiveCfg = Release|Any CPU
		{C4BBB69D-5786-4BB3-A35E-447894B92E4E}.Release|x86.Build.0 = Release|Any CPU
		{DBFDE4E2-A6E5-41DE-8D01-F712ED9980F6}.Debug|Any CPU.ActiveCfg = Debug|Any CPU
		{DBFDE4E2-A6E5-41DE-8D01-F712ED9980F6}.Debug|Any CPU.Build.0 = Debug|Any CPU
		{DBFDE4E2-A6E5-41DE-8D01-F712ED9980F6}.Debug|ARM.ActiveCfg = Debug|Any CPU
		{DBFDE4E2-A6E5-41DE-8D01-F712ED9980F6}.Debug|ARM.Build.0 = Debug|Any CPU
		{DBFDE4E2-A6E5-41DE-8D01-F712ED9980F6}.Debug|ARM64.ActiveCfg = Debug|Any CPU
		{DBFDE4E2-A6E5-41DE-8D01-F712ED9980F6}.Debug|ARM64.Build.0 = Debug|Any CPU
		{DBFDE4E2-A6E5-41DE-8D01-F712ED9980F6}.Debug|x64.ActiveCfg = Debug|Any CPU
		{DBFDE4E2-A6E5-41DE-8D01-F712ED9980F6}.Debug|x64.Build.0 = Debug|Any CPU
		{DBFDE4E2-A6E5-41DE-8D01-F712ED9980F6}.Debug|x86.ActiveCfg = Debug|Any CPU
		{DBFDE4E2-A6E5-41DE-8D01-F712ED9980F6}.Debug|x86.Build.0 = Debug|Any CPU
		{DBFDE4E2-A6E5-41DE-8D01-F712ED9980F6}.Release|Any CPU.ActiveCfg = Release|Any CPU
		{DBFDE4E2-A6E5-41DE-8D01-F712ED9980F6}.Release|Any CPU.Build.0 = Release|Any CPU
		{DBFDE4E2-A6E5-41DE-8D01-F712ED9980F6}.Release|ARM.ActiveCfg = Release|Any CPU
		{DBFDE4E2-A6E5-41DE-8D01-F712ED9980F6}.Release|ARM.Build.0 = Release|Any CPU
		{DBFDE4E2-A6E5-41DE-8D01-F712ED9980F6}.Release|ARM64.ActiveCfg = Release|Any CPU
		{DBFDE4E2-A6E5-41DE-8D01-F712ED9980F6}.Release|ARM64.Build.0 = Release|Any CPU
		{DBFDE4E2-A6E5-41DE-8D01-F712ED9980F6}.Release|x64.ActiveCfg = Release|Any CPU
		{DBFDE4E2-A6E5-41DE-8D01-F712ED9980F6}.Release|x64.Build.0 = Release|Any CPU
		{DBFDE4E2-A6E5-41DE-8D01-F712ED9980F6}.Release|x86.ActiveCfg = Release|Any CPU
		{DBFDE4E2-A6E5-41DE-8D01-F712ED9980F6}.Release|x86.Build.0 = Release|Any CPU
		{261B2CF6-1F9D-49F1-8496-67F9A0CD5F94}.Debug|Any CPU.ActiveCfg = Debug|Any CPU
		{261B2CF6-1F9D-49F1-8496-67F9A0CD5F94}.Debug|Any CPU.Build.0 = Debug|Any CPU
		{261B2CF6-1F9D-49F1-8496-67F9A0CD5F94}.Debug|ARM.ActiveCfg = Debug|Any CPU
		{261B2CF6-1F9D-49F1-8496-67F9A0CD5F94}.Debug|ARM.Build.0 = Debug|Any CPU
		{261B2CF6-1F9D-49F1-8496-67F9A0CD5F94}.Debug|ARM64.ActiveCfg = Debug|Any CPU
		{261B2CF6-1F9D-49F1-8496-67F9A0CD5F94}.Debug|ARM64.Build.0 = Debug|Any CPU
		{261B2CF6-1F9D-49F1-8496-67F9A0CD5F94}.Debug|x64.ActiveCfg = Debug|Any CPU
		{261B2CF6-1F9D-49F1-8496-67F9A0CD5F94}.Debug|x64.Build.0 = Debug|Any CPU
		{261B2CF6-1F9D-49F1-8496-67F9A0CD5F94}.Debug|x86.ActiveCfg = Debug|Any CPU
		{261B2CF6-1F9D-49F1-8496-67F9A0CD5F94}.Debug|x86.Build.0 = Debug|Any CPU
		{261B2CF6-1F9D-49F1-8496-67F9A0CD5F94}.Release|Any CPU.ActiveCfg = Release|Any CPU
		{261B2CF6-1F9D-49F1-8496-67F9A0CD5F94}.Release|Any CPU.Build.0 = Release|Any CPU
		{261B2CF6-1F9D-49F1-8496-67F9A0CD5F94}.Release|ARM.ActiveCfg = Release|Any CPU
		{261B2CF6-1F9D-49F1-8496-67F9A0CD5F94}.Release|ARM.Build.0 = Release|Any CPU
		{261B2CF6-1F9D-49F1-8496-67F9A0CD5F94}.Release|ARM64.ActiveCfg = Release|Any CPU
		{261B2CF6-1F9D-49F1-8496-67F9A0CD5F94}.Release|ARM64.Build.0 = Release|Any CPU
		{261B2CF6-1F9D-49F1-8496-67F9A0CD5F94}.Release|x64.ActiveCfg = Release|Any CPU
		{261B2CF6-1F9D-49F1-8496-67F9A0CD5F94}.Release|x64.Build.0 = Release|Any CPU
		{261B2CF6-1F9D-49F1-8496-67F9A0CD5F94}.Release|x86.ActiveCfg = Release|Any CPU
		{261B2CF6-1F9D-49F1-8496-67F9A0CD5F94}.Release|x86.Build.0 = Release|Any CPU
		{BD519204-8773-42F2-8CB1-F169BE1AF169}.Debug|Any CPU.ActiveCfg = Debug|Any CPU
		{BD519204-8773-42F2-8CB1-F169BE1AF169}.Debug|Any CPU.Build.0 = Debug|Any CPU
		{BD519204-8773-42F2-8CB1-F169BE1AF169}.Debug|ARM.ActiveCfg = Debug|Any CPU
		{BD519204-8773-42F2-8CB1-F169BE1AF169}.Debug|ARM.Build.0 = Debug|Any CPU
		{BD519204-8773-42F2-8CB1-F169BE1AF169}.Debug|ARM64.ActiveCfg = Debug|Any CPU
		{BD519204-8773-42F2-8CB1-F169BE1AF169}.Debug|ARM64.Build.0 = Debug|Any CPU
		{BD519204-8773-42F2-8CB1-F169BE1AF169}.Debug|x64.ActiveCfg = Debug|Any CPU
		{BD519204-8773-42F2-8CB1-F169BE1AF169}.Debug|x64.Build.0 = Debug|Any CPU
		{BD519204-8773-42F2-8CB1-F169BE1AF169}.Debug|x86.ActiveCfg = Debug|Any CPU
		{BD519204-8773-42F2-8CB1-F169BE1AF169}.Debug|x86.Build.0 = Debug|Any CPU
		{BD519204-8773-42F2-8CB1-F169BE1AF169}.Release|Any CPU.ActiveCfg = Release|Any CPU
		{BD519204-8773-42F2-8CB1-F169BE1AF169}.Release|Any CPU.Build.0 = Release|Any CPU
		{BD519204-8773-42F2-8CB1-F169BE1AF169}.Release|ARM.ActiveCfg = Release|Any CPU
		{BD519204-8773-42F2-8CB1-F169BE1AF169}.Release|ARM.Build.0 = Release|Any CPU
		{BD519204-8773-42F2-8CB1-F169BE1AF169}.Release|ARM64.ActiveCfg = Release|Any CPU
		{BD519204-8773-42F2-8CB1-F169BE1AF169}.Release|ARM64.Build.0 = Release|Any CPU
		{BD519204-8773-42F2-8CB1-F169BE1AF169}.Release|x64.ActiveCfg = Release|Any CPU
		{BD519204-8773-42F2-8CB1-F169BE1AF169}.Release|x64.Build.0 = Release|Any CPU
		{BD519204-8773-42F2-8CB1-F169BE1AF169}.Release|x86.ActiveCfg = Release|Any CPU
		{BD519204-8773-42F2-8CB1-F169BE1AF169}.Release|x86.Build.0 = Release|Any CPU
		{647DD7D1-E134-4BAF-85B8-95D736DD99E4}.Debug|Any CPU.ActiveCfg = Debug|Any CPU
		{647DD7D1-E134-4BAF-85B8-95D736DD99E4}.Debug|Any CPU.Build.0 = Debug|Any CPU
		{647DD7D1-E134-4BAF-85B8-95D736DD99E4}.Debug|ARM.ActiveCfg = Debug|Any CPU
		{647DD7D1-E134-4BAF-85B8-95D736DD99E4}.Debug|ARM.Build.0 = Debug|Any CPU
		{647DD7D1-E134-4BAF-85B8-95D736DD99E4}.Debug|ARM64.ActiveCfg = Debug|Any CPU
		{647DD7D1-E134-4BAF-85B8-95D736DD99E4}.Debug|ARM64.Build.0 = Debug|Any CPU
		{647DD7D1-E134-4BAF-85B8-95D736DD99E4}.Debug|x64.ActiveCfg = Debug|Any CPU
		{647DD7D1-E134-4BAF-85B8-95D736DD99E4}.Debug|x64.Build.0 = Debug|Any CPU
		{647DD7D1-E134-4BAF-85B8-95D736DD99E4}.Debug|x86.ActiveCfg = Debug|Any CPU
		{647DD7D1-E134-4BAF-85B8-95D736DD99E4}.Debug|x86.Build.0 = Debug|Any CPU
		{647DD7D1-E134-4BAF-85B8-95D736DD99E4}.Release|Any CPU.ActiveCfg = Release|Any CPU
		{647DD7D1-E134-4BAF-85B8-95D736DD99E4}.Release|Any CPU.Build.0 = Release|Any CPU
		{647DD7D1-E134-4BAF-85B8-95D736DD99E4}.Release|ARM.ActiveCfg = Release|Any CPU
		{647DD7D1-E134-4BAF-85B8-95D736DD99E4}.Release|ARM.Build.0 = Release|Any CPU
		{647DD7D1-E134-4BAF-85B8-95D736DD99E4}.Release|ARM64.ActiveCfg = Release|Any CPU
		{647DD7D1-E134-4BAF-85B8-95D736DD99E4}.Release|ARM64.Build.0 = Release|Any CPU
		{647DD7D1-E134-4BAF-85B8-95D736DD99E4}.Release|x64.ActiveCfg = Release|Any CPU
		{647DD7D1-E134-4BAF-85B8-95D736DD99E4}.Release|x64.Build.0 = Release|Any CPU
		{647DD7D1-E134-4BAF-85B8-95D736DD99E4}.Release|x86.ActiveCfg = Release|Any CPU
		{647DD7D1-E134-4BAF-85B8-95D736DD99E4}.Release|x86.Build.0 = Release|Any CPU
		{80753E0F-7438-4A08-8E6C-E4983D1A7034}.Debug|Any CPU.ActiveCfg = Debug|Any CPU
		{80753E0F-7438-4A08-8E6C-E4983D1A7034}.Debug|Any CPU.Build.0 = Debug|Any CPU
		{80753E0F-7438-4A08-8E6C-E4983D1A7034}.Debug|ARM.ActiveCfg = Debug|Any CPU
		{80753E0F-7438-4A08-8E6C-E4983D1A7034}.Debug|ARM.Build.0 = Debug|Any CPU
		{80753E0F-7438-4A08-8E6C-E4983D1A7034}.Debug|ARM64.ActiveCfg = Debug|Any CPU
		{80753E0F-7438-4A08-8E6C-E4983D1A7034}.Debug|ARM64.Build.0 = Debug|Any CPU
		{80753E0F-7438-4A08-8E6C-E4983D1A7034}.Debug|x64.ActiveCfg = Debug|Any CPU
		{80753E0F-7438-4A08-8E6C-E4983D1A7034}.Debug|x64.Build.0 = Debug|Any CPU
		{80753E0F-7438-4A08-8E6C-E4983D1A7034}.Debug|x86.ActiveCfg = Debug|Any CPU
		{80753E0F-7438-4A08-8E6C-E4983D1A7034}.Debug|x86.Build.0 = Debug|Any CPU
		{80753E0F-7438-4A08-8E6C-E4983D1A7034}.Release|Any CPU.ActiveCfg = Release|Any CPU
		{80753E0F-7438-4A08-8E6C-E4983D1A7034}.Release|Any CPU.Build.0 = Release|Any CPU
		{80753E0F-7438-4A08-8E6C-E4983D1A7034}.Release|ARM.ActiveCfg = Release|Any CPU
		{80753E0F-7438-4A08-8E6C-E4983D1A7034}.Release|ARM.Build.0 = Release|Any CPU
		{80753E0F-7438-4A08-8E6C-E4983D1A7034}.Release|ARM64.ActiveCfg = Release|Any CPU
		{80753E0F-7438-4A08-8E6C-E4983D1A7034}.Release|ARM64.Build.0 = Release|Any CPU
		{80753E0F-7438-4A08-8E6C-E4983D1A7034}.Release|x64.ActiveCfg = Release|Any CPU
		{80753E0F-7438-4A08-8E6C-E4983D1A7034}.Release|x64.Build.0 = Release|Any CPU
		{80753E0F-7438-4A08-8E6C-E4983D1A7034}.Release|x86.ActiveCfg = Release|Any CPU
		{80753E0F-7438-4A08-8E6C-E4983D1A7034}.Release|x86.Build.0 = Release|Any CPU
		{31F5814F-B0F6-4F67-909F-A39C88937706}.Debug|Any CPU.ActiveCfg = Debug|Any CPU
		{31F5814F-B0F6-4F67-909F-A39C88937706}.Debug|Any CPU.Build.0 = Debug|Any CPU
		{31F5814F-B0F6-4F67-909F-A39C88937706}.Debug|ARM.ActiveCfg = Debug|Any CPU
		{31F5814F-B0F6-4F67-909F-A39C88937706}.Debug|ARM.Build.0 = Debug|Any CPU
		{31F5814F-B0F6-4F67-909F-A39C88937706}.Debug|ARM64.ActiveCfg = Debug|Any CPU
		{31F5814F-B0F6-4F67-909F-A39C88937706}.Debug|ARM64.Build.0 = Debug|Any CPU
		{31F5814F-B0F6-4F67-909F-A39C88937706}.Debug|x64.ActiveCfg = Debug|Any CPU
		{31F5814F-B0F6-4F67-909F-A39C88937706}.Debug|x64.Build.0 = Debug|Any CPU
		{31F5814F-B0F6-4F67-909F-A39C88937706}.Debug|x86.ActiveCfg = Debug|Any CPU
		{31F5814F-B0F6-4F67-909F-A39C88937706}.Debug|x86.Build.0 = Debug|Any CPU
		{31F5814F-B0F6-4F67-909F-A39C88937706}.Release|Any CPU.ActiveCfg = Release|Any CPU
		{31F5814F-B0F6-4F67-909F-A39C88937706}.Release|Any CPU.Build.0 = Release|Any CPU
		{31F5814F-B0F6-4F67-909F-A39C88937706}.Release|ARM.ActiveCfg = Release|Any CPU
		{31F5814F-B0F6-4F67-909F-A39C88937706}.Release|ARM.Build.0 = Release|Any CPU
		{31F5814F-B0F6-4F67-909F-A39C88937706}.Release|ARM64.ActiveCfg = Release|Any CPU
		{31F5814F-B0F6-4F67-909F-A39C88937706}.Release|ARM64.Build.0 = Release|Any CPU
		{31F5814F-B0F6-4F67-909F-A39C88937706}.Release|x64.ActiveCfg = Release|Any CPU
		{31F5814F-B0F6-4F67-909F-A39C88937706}.Release|x64.Build.0 = Release|Any CPU
		{31F5814F-B0F6-4F67-909F-A39C88937706}.Release|x86.ActiveCfg = Release|Any CPU
		{31F5814F-B0F6-4F67-909F-A39C88937706}.Release|x86.Build.0 = Release|Any CPU
		{9BB2CAE7-7DEB-4BE0-9132-380ED0B722EA}.Debug|Any CPU.ActiveCfg = Debug|Any CPU
		{9BB2CAE7-7DEB-4BE0-9132-380ED0B722EA}.Debug|Any CPU.Build.0 = Debug|Any CPU
		{9BB2CAE7-7DEB-4BE0-9132-380ED0B722EA}.Debug|ARM.ActiveCfg = Debug|Any CPU
		{9BB2CAE7-7DEB-4BE0-9132-380ED0B722EA}.Debug|ARM.Build.0 = Debug|Any CPU
		{9BB2CAE7-7DEB-4BE0-9132-380ED0B722EA}.Debug|ARM64.ActiveCfg = Debug|Any CPU
		{9BB2CAE7-7DEB-4BE0-9132-380ED0B722EA}.Debug|ARM64.Build.0 = Debug|Any CPU
		{9BB2CAE7-7DEB-4BE0-9132-380ED0B722EA}.Debug|x64.ActiveCfg = Debug|Any CPU
		{9BB2CAE7-7DEB-4BE0-9132-380ED0B722EA}.Debug|x64.Build.0 = Debug|Any CPU
		{9BB2CAE7-7DEB-4BE0-9132-380ED0B722EA}.Debug|x86.ActiveCfg = Debug|Any CPU
		{9BB2CAE7-7DEB-4BE0-9132-380ED0B722EA}.Debug|x86.Build.0 = Debug|Any CPU
		{9BB2CAE7-7DEB-4BE0-9132-380ED0B722EA}.Release|Any CPU.ActiveCfg = Release|Any CPU
		{9BB2CAE7-7DEB-4BE0-9132-380ED0B722EA}.Release|Any CPU.Build.0 = Release|Any CPU
		{9BB2CAE7-7DEB-4BE0-9132-380ED0B722EA}.Release|ARM.ActiveCfg = Release|Any CPU
		{9BB2CAE7-7DEB-4BE0-9132-380ED0B722EA}.Release|ARM.Build.0 = Release|Any CPU
		{9BB2CAE7-7DEB-4BE0-9132-380ED0B722EA}.Release|ARM64.ActiveCfg = Release|Any CPU
		{9BB2CAE7-7DEB-4BE0-9132-380ED0B722EA}.Release|ARM64.Build.0 = Release|Any CPU
		{9BB2CAE7-7DEB-4BE0-9132-380ED0B722EA}.Release|x64.ActiveCfg = Release|Any CPU
		{9BB2CAE7-7DEB-4BE0-9132-380ED0B722EA}.Release|x64.Build.0 = Release|Any CPU
		{9BB2CAE7-7DEB-4BE0-9132-380ED0B722EA}.Release|x86.ActiveCfg = Release|Any CPU
		{9BB2CAE7-7DEB-4BE0-9132-380ED0B722EA}.Release|x86.Build.0 = Release|Any CPU
		{967125B5-2366-4997-9069-B98AD1671E2D}.Debug|Any CPU.ActiveCfg = Debug|Any CPU
		{967125B5-2366-4997-9069-B98AD1671E2D}.Debug|Any CPU.Build.0 = Debug|Any CPU
		{967125B5-2366-4997-9069-B98AD1671E2D}.Debug|ARM.ActiveCfg = Debug|Any CPU
		{967125B5-2366-4997-9069-B98AD1671E2D}.Debug|ARM.Build.0 = Debug|Any CPU
		{967125B5-2366-4997-9069-B98AD1671E2D}.Debug|ARM64.ActiveCfg = Debug|Any CPU
		{967125B5-2366-4997-9069-B98AD1671E2D}.Debug|ARM64.Build.0 = Debug|Any CPU
		{967125B5-2366-4997-9069-B98AD1671E2D}.Debug|x64.ActiveCfg = Debug|Any CPU
		{967125B5-2366-4997-9069-B98AD1671E2D}.Debug|x64.Build.0 = Debug|Any CPU
		{967125B5-2366-4997-9069-B98AD1671E2D}.Debug|x86.ActiveCfg = Debug|Any CPU
		{967125B5-2366-4997-9069-B98AD1671E2D}.Debug|x86.Build.0 = Debug|Any CPU
		{967125B5-2366-4997-9069-B98AD1671E2D}.Release|Any CPU.ActiveCfg = Release|Any CPU
		{967125B5-2366-4997-9069-B98AD1671E2D}.Release|Any CPU.Build.0 = Release|Any CPU
		{967125B5-2366-4997-9069-B98AD1671E2D}.Release|ARM.ActiveCfg = Release|Any CPU
		{967125B5-2366-4997-9069-B98AD1671E2D}.Release|ARM.Build.0 = Release|Any CPU
		{967125B5-2366-4997-9069-B98AD1671E2D}.Release|ARM64.ActiveCfg = Release|Any CPU
		{967125B5-2366-4997-9069-B98AD1671E2D}.Release|ARM64.Build.0 = Release|Any CPU
		{967125B5-2366-4997-9069-B98AD1671E2D}.Release|x64.ActiveCfg = Release|Any CPU
		{967125B5-2366-4997-9069-B98AD1671E2D}.Release|x64.Build.0 = Release|Any CPU
		{967125B5-2366-4997-9069-B98AD1671E2D}.Release|x86.ActiveCfg = Release|Any CPU
		{967125B5-2366-4997-9069-B98AD1671E2D}.Release|x86.Build.0 = Release|Any CPU
		{35B6A530-F214-48AA-A1AF-3C45994FC9C5}.Debug|Any CPU.ActiveCfg = Debug|Any CPU
		{35B6A530-F214-48AA-A1AF-3C45994FC9C5}.Debug|Any CPU.Build.0 = Debug|Any CPU
		{35B6A530-F214-48AA-A1AF-3C45994FC9C5}.Debug|ARM.ActiveCfg = Debug|Any CPU
		{35B6A530-F214-48AA-A1AF-3C45994FC9C5}.Debug|ARM.Build.0 = Debug|Any CPU
		{35B6A530-F214-48AA-A1AF-3C45994FC9C5}.Debug|ARM64.ActiveCfg = Debug|Any CPU
		{35B6A530-F214-48AA-A1AF-3C45994FC9C5}.Debug|ARM64.Build.0 = Debug|Any CPU
		{35B6A530-F214-48AA-A1AF-3C45994FC9C5}.Debug|x64.ActiveCfg = Debug|Any CPU
		{35B6A530-F214-48AA-A1AF-3C45994FC9C5}.Debug|x64.Build.0 = Debug|Any CPU
		{35B6A530-F214-48AA-A1AF-3C45994FC9C5}.Debug|x86.ActiveCfg = Debug|Any CPU
		{35B6A530-F214-48AA-A1AF-3C45994FC9C5}.Debug|x86.Build.0 = Debug|Any CPU
		{35B6A530-F214-48AA-A1AF-3C45994FC9C5}.Release|Any CPU.ActiveCfg = Release|Any CPU
		{35B6A530-F214-48AA-A1AF-3C45994FC9C5}.Release|Any CPU.Build.0 = Release|Any CPU
		{35B6A530-F214-48AA-A1AF-3C45994FC9C5}.Release|ARM.ActiveCfg = Release|Any CPU
		{35B6A530-F214-48AA-A1AF-3C45994FC9C5}.Release|ARM.Build.0 = Release|Any CPU
		{35B6A530-F214-48AA-A1AF-3C45994FC9C5}.Release|ARM64.ActiveCfg = Release|Any CPU
		{35B6A530-F214-48AA-A1AF-3C45994FC9C5}.Release|ARM64.Build.0 = Release|Any CPU
		{35B6A530-F214-48AA-A1AF-3C45994FC9C5}.Release|x64.ActiveCfg = Release|Any CPU
		{35B6A530-F214-48AA-A1AF-3C45994FC9C5}.Release|x64.Build.0 = Release|Any CPU
		{35B6A530-F214-48AA-A1AF-3C45994FC9C5}.Release|x86.ActiveCfg = Release|Any CPU
		{35B6A530-F214-48AA-A1AF-3C45994FC9C5}.Release|x86.Build.0 = Release|Any CPU
		{8488647C-280B-4FAE-9220-555663B36001}.Debug|Any CPU.ActiveCfg = Debug|Any CPU
		{8488647C-280B-4FAE-9220-555663B36001}.Debug|Any CPU.Build.0 = Debug|Any CPU
		{8488647C-280B-4FAE-9220-555663B36001}.Debug|ARM.ActiveCfg = Debug|Any CPU
		{8488647C-280B-4FAE-9220-555663B36001}.Debug|ARM.Build.0 = Debug|Any CPU
		{8488647C-280B-4FAE-9220-555663B36001}.Debug|ARM64.ActiveCfg = Debug|Any CPU
		{8488647C-280B-4FAE-9220-555663B36001}.Debug|ARM64.Build.0 = Debug|Any CPU
		{8488647C-280B-4FAE-9220-555663B36001}.Debug|x64.ActiveCfg = Debug|Any CPU
		{8488647C-280B-4FAE-9220-555663B36001}.Debug|x64.Build.0 = Debug|Any CPU
		{8488647C-280B-4FAE-9220-555663B36001}.Debug|x86.ActiveCfg = Debug|Any CPU
		{8488647C-280B-4FAE-9220-555663B36001}.Debug|x86.Build.0 = Debug|Any CPU
		{8488647C-280B-4FAE-9220-555663B36001}.Release|Any CPU.ActiveCfg = Release|Any CPU
		{8488647C-280B-4FAE-9220-555663B36001}.Release|Any CPU.Build.0 = Release|Any CPU
		{8488647C-280B-4FAE-9220-555663B36001}.Release|ARM.ActiveCfg = Release|Any CPU
		{8488647C-280B-4FAE-9220-555663B36001}.Release|ARM.Build.0 = Release|Any CPU
		{8488647C-280B-4FAE-9220-555663B36001}.Release|ARM64.ActiveCfg = Release|Any CPU
		{8488647C-280B-4FAE-9220-555663B36001}.Release|ARM64.Build.0 = Release|Any CPU
		{8488647C-280B-4FAE-9220-555663B36001}.Release|x64.ActiveCfg = Release|Any CPU
		{8488647C-280B-4FAE-9220-555663B36001}.Release|x64.Build.0 = Release|Any CPU
		{8488647C-280B-4FAE-9220-555663B36001}.Release|x86.ActiveCfg = Release|Any CPU
		{8488647C-280B-4FAE-9220-555663B36001}.Release|x86.Build.0 = Release|Any CPU
		{4619B82F-151D-4931-B868-56EF48D60A69}.Debug|Any CPU.ActiveCfg = Debug
		{4619B82F-151D-4931-B868-56EF48D60A69}.Debug|ARM.ActiveCfg = Debug
		{4619B82F-151D-4931-B868-56EF48D60A69}.Debug|ARM64.ActiveCfg = Debug
		{4619B82F-151D-4931-B868-56EF48D60A69}.Debug|x64.ActiveCfg = Debug
		{4619B82F-151D-4931-B868-56EF48D60A69}.Debug|x86.ActiveCfg = Debug
		{4619B82F-151D-4931-B868-56EF48D60A69}.Release|Any CPU.ActiveCfg = Release
		{4619B82F-151D-4931-B868-56EF48D60A69}.Release|ARM.ActiveCfg = Release
		{4619B82F-151D-4931-B868-56EF48D60A69}.Release|ARM64.ActiveCfg = Release
		{4619B82F-151D-4931-B868-56EF48D60A69}.Release|x64.ActiveCfg = Release
		{4619B82F-151D-4931-B868-56EF48D60A69}.Release|x86.ActiveCfg = Release
		{E3A46DEA-6C09-4D71-AAE8-1C1D8135E23A}.Debug|Any CPU.ActiveCfg = Debug|Any CPU
		{E3A46DEA-6C09-4D71-AAE8-1C1D8135E23A}.Debug|Any CPU.Build.0 = Debug|Any CPU
		{E3A46DEA-6C09-4D71-AAE8-1C1D8135E23A}.Debug|ARM.ActiveCfg = Debug|Any CPU
		{E3A46DEA-6C09-4D71-AAE8-1C1D8135E23A}.Debug|ARM.Build.0 = Debug|Any CPU
		{E3A46DEA-6C09-4D71-AAE8-1C1D8135E23A}.Debug|ARM64.ActiveCfg = Debug|Any CPU
		{E3A46DEA-6C09-4D71-AAE8-1C1D8135E23A}.Debug|ARM64.Build.0 = Debug|Any CPU
		{E3A46DEA-6C09-4D71-AAE8-1C1D8135E23A}.Debug|x64.ActiveCfg = Debug|Any CPU
		{E3A46DEA-6C09-4D71-AAE8-1C1D8135E23A}.Debug|x64.Build.0 = Debug|Any CPU
		{E3A46DEA-6C09-4D71-AAE8-1C1D8135E23A}.Debug|x86.ActiveCfg = Debug|Any CPU
		{E3A46DEA-6C09-4D71-AAE8-1C1D8135E23A}.Debug|x86.Build.0 = Debug|Any CPU
		{E3A46DEA-6C09-4D71-AAE8-1C1D8135E23A}.Release|Any CPU.ActiveCfg = Release|Any CPU
		{E3A46DEA-6C09-4D71-AAE8-1C1D8135E23A}.Release|Any CPU.Build.0 = Release|Any CPU
		{E3A46DEA-6C09-4D71-AAE8-1C1D8135E23A}.Release|ARM.ActiveCfg = Release|Any CPU
		{E3A46DEA-6C09-4D71-AAE8-1C1D8135E23A}.Release|ARM.Build.0 = Release|Any CPU
		{E3A46DEA-6C09-4D71-AAE8-1C1D8135E23A}.Release|ARM64.ActiveCfg = Release|Any CPU
		{E3A46DEA-6C09-4D71-AAE8-1C1D8135E23A}.Release|ARM64.Build.0 = Release|Any CPU
		{E3A46DEA-6C09-4D71-AAE8-1C1D8135E23A}.Release|x64.ActiveCfg = Release|Any CPU
		{E3A46DEA-6C09-4D71-AAE8-1C1D8135E23A}.Release|x64.Build.0 = Release|Any CPU
		{E3A46DEA-6C09-4D71-AAE8-1C1D8135E23A}.Release|x86.ActiveCfg = Release|Any CPU
		{E3A46DEA-6C09-4D71-AAE8-1C1D8135E23A}.Release|x86.Build.0 = Release|Any CPU
		{D121842F-8E33-4A28-AE16-4181BD575BC4}.Debug|Any CPU.ActiveCfg = Debug|Any CPU
		{D121842F-8E33-4A28-AE16-4181BD575BC4}.Debug|Any CPU.Build.0 = Debug|Any CPU
		{D121842F-8E33-4A28-AE16-4181BD575BC4}.Debug|ARM.ActiveCfg = Debug|Any CPU
		{D121842F-8E33-4A28-AE16-4181BD575BC4}.Debug|ARM.Build.0 = Debug|Any CPU
		{D121842F-8E33-4A28-AE16-4181BD575BC4}.Debug|ARM64.ActiveCfg = Debug|Any CPU
		{D121842F-8E33-4A28-AE16-4181BD575BC4}.Debug|ARM64.Build.0 = Debug|Any CPU
		{D121842F-8E33-4A28-AE16-4181BD575BC4}.Debug|x64.ActiveCfg = Debug|Any CPU
		{D121842F-8E33-4A28-AE16-4181BD575BC4}.Debug|x64.Build.0 = Debug|Any CPU
		{D121842F-8E33-4A28-AE16-4181BD575BC4}.Debug|x86.ActiveCfg = Debug|Any CPU
		{D121842F-8E33-4A28-AE16-4181BD575BC4}.Debug|x86.Build.0 = Debug|Any CPU
		{D121842F-8E33-4A28-AE16-4181BD575BC4}.Release|Any CPU.ActiveCfg = Release|Any CPU
		{D121842F-8E33-4A28-AE16-4181BD575BC4}.Release|Any CPU.Build.0 = Release|Any CPU
		{D121842F-8E33-4A28-AE16-4181BD575BC4}.Release|ARM.ActiveCfg = Release|Any CPU
		{D121842F-8E33-4A28-AE16-4181BD575BC4}.Release|ARM.Build.0 = Release|Any CPU
		{D121842F-8E33-4A28-AE16-4181BD575BC4}.Release|ARM64.ActiveCfg = Release|Any CPU
		{D121842F-8E33-4A28-AE16-4181BD575BC4}.Release|ARM64.Build.0 = Release|Any CPU
		{D121842F-8E33-4A28-AE16-4181BD575BC4}.Release|x64.ActiveCfg = Release|Any CPU
		{D121842F-8E33-4A28-AE16-4181BD575BC4}.Release|x64.Build.0 = Release|Any CPU
		{D121842F-8E33-4A28-AE16-4181BD575BC4}.Release|x86.ActiveCfg = Release|Any CPU
		{D121842F-8E33-4A28-AE16-4181BD575BC4}.Release|x86.Build.0 = Release|Any CPU
		{B5D7D218-5570-4065-A34B-B05EA8B728B7}.Debug|Any CPU.ActiveCfg = Debug|Any CPU
		{B5D7D218-5570-4065-A34B-B05EA8B728B7}.Debug|Any CPU.Build.0 = Debug|Any CPU
		{B5D7D218-5570-4065-A34B-B05EA8B728B7}.Debug|ARM.ActiveCfg = Debug|Any CPU
		{B5D7D218-5570-4065-A34B-B05EA8B728B7}.Debug|ARM.Build.0 = Debug|Any CPU
		{B5D7D218-5570-4065-A34B-B05EA8B728B7}.Debug|ARM64.ActiveCfg = Debug|Any CPU
		{B5D7D218-5570-4065-A34B-B05EA8B728B7}.Debug|ARM64.Build.0 = Debug|Any CPU
		{B5D7D218-5570-4065-A34B-B05EA8B728B7}.Debug|x64.ActiveCfg = Debug|Any CPU
		{B5D7D218-5570-4065-A34B-B05EA8B728B7}.Debug|x64.Build.0 = Debug|Any CPU
		{B5D7D218-5570-4065-A34B-B05EA8B728B7}.Debug|x86.ActiveCfg = Debug|Any CPU
		{B5D7D218-5570-4065-A34B-B05EA8B728B7}.Debug|x86.Build.0 = Debug|Any CPU
		{B5D7D218-5570-4065-A34B-B05EA8B728B7}.Release|Any CPU.ActiveCfg = Release|Any CPU
		{B5D7D218-5570-4065-A34B-B05EA8B728B7}.Release|Any CPU.Build.0 = Release|Any CPU
		{B5D7D218-5570-4065-A34B-B05EA8B728B7}.Release|ARM.ActiveCfg = Release|Any CPU
		{B5D7D218-5570-4065-A34B-B05EA8B728B7}.Release|ARM.Build.0 = Release|Any CPU
		{B5D7D218-5570-4065-A34B-B05EA8B728B7}.Release|ARM64.ActiveCfg = Release|Any CPU
		{B5D7D218-5570-4065-A34B-B05EA8B728B7}.Release|ARM64.Build.0 = Release|Any CPU
		{B5D7D218-5570-4065-A34B-B05EA8B728B7}.Release|x64.ActiveCfg = Release|Any CPU
		{B5D7D218-5570-4065-A34B-B05EA8B728B7}.Release|x64.Build.0 = Release|Any CPU
		{B5D7D218-5570-4065-A34B-B05EA8B728B7}.Release|x86.ActiveCfg = Release|Any CPU
		{B5D7D218-5570-4065-A34B-B05EA8B728B7}.Release|x86.Build.0 = Release|Any CPU
		{9B3B34DF-98D0-4402-84C7-305DF1DBA0AD}.Debug|Any CPU.ActiveCfg = Debug|Any CPU
		{9B3B34DF-98D0-4402-84C7-305DF1DBA0AD}.Debug|Any CPU.Build.0 = Debug|Any CPU
		{9B3B34DF-98D0-4402-84C7-305DF1DBA0AD}.Debug|ARM.ActiveCfg = Debug|Any CPU
		{9B3B34DF-98D0-4402-84C7-305DF1DBA0AD}.Debug|ARM.Build.0 = Debug|Any CPU
		{9B3B34DF-98D0-4402-84C7-305DF1DBA0AD}.Debug|ARM64.ActiveCfg = Debug|Any CPU
		{9B3B34DF-98D0-4402-84C7-305DF1DBA0AD}.Debug|ARM64.Build.0 = Debug|Any CPU
		{9B3B34DF-98D0-4402-84C7-305DF1DBA0AD}.Debug|x64.ActiveCfg = Debug|Any CPU
		{9B3B34DF-98D0-4402-84C7-305DF1DBA0AD}.Debug|x64.Build.0 = Debug|Any CPU
		{9B3B34DF-98D0-4402-84C7-305DF1DBA0AD}.Debug|x86.ActiveCfg = Debug|Any CPU
		{9B3B34DF-98D0-4402-84C7-305DF1DBA0AD}.Debug|x86.Build.0 = Debug|Any CPU
		{9B3B34DF-98D0-4402-84C7-305DF1DBA0AD}.Release|Any CPU.ActiveCfg = Release|Any CPU
		{9B3B34DF-98D0-4402-84C7-305DF1DBA0AD}.Release|Any CPU.Build.0 = Release|Any CPU
		{9B3B34DF-98D0-4402-84C7-305DF1DBA0AD}.Release|ARM.ActiveCfg = Release|Any CPU
		{9B3B34DF-98D0-4402-84C7-305DF1DBA0AD}.Release|ARM.Build.0 = Release|Any CPU
		{9B3B34DF-98D0-4402-84C7-305DF1DBA0AD}.Release|ARM64.ActiveCfg = Release|Any CPU
		{9B3B34DF-98D0-4402-84C7-305DF1DBA0AD}.Release|ARM64.Build.0 = Release|Any CPU
		{9B3B34DF-98D0-4402-84C7-305DF1DBA0AD}.Release|x64.ActiveCfg = Release|Any CPU
		{9B3B34DF-98D0-4402-84C7-305DF1DBA0AD}.Release|x64.Build.0 = Release|Any CPU
		{9B3B34DF-98D0-4402-84C7-305DF1DBA0AD}.Release|x86.ActiveCfg = Release|Any CPU
		{9B3B34DF-98D0-4402-84C7-305DF1DBA0AD}.Release|x86.Build.0 = Release|Any CPU
		{9ADAE561-4AC1-4D13-AB6D-8BF09B5F7B59}.Debug|Any CPU.ActiveCfg = Debug|Any CPU
		{9ADAE561-4AC1-4D13-AB6D-8BF09B5F7B59}.Debug|Any CPU.Build.0 = Debug|Any CPU
		{9ADAE561-4AC1-4D13-AB6D-8BF09B5F7B59}.Debug|ARM.ActiveCfg = Debug|Any CPU
		{9ADAE561-4AC1-4D13-AB6D-8BF09B5F7B59}.Debug|ARM.Build.0 = Debug|Any CPU
		{9ADAE561-4AC1-4D13-AB6D-8BF09B5F7B59}.Debug|ARM64.ActiveCfg = Debug|Any CPU
		{9ADAE561-4AC1-4D13-AB6D-8BF09B5F7B59}.Debug|ARM64.Build.0 = Debug|Any CPU
		{9ADAE561-4AC1-4D13-AB6D-8BF09B5F7B59}.Debug|x64.ActiveCfg = Debug|Any CPU
		{9ADAE561-4AC1-4D13-AB6D-8BF09B5F7B59}.Debug|x64.Build.0 = Debug|Any CPU
		{9ADAE561-4AC1-4D13-AB6D-8BF09B5F7B59}.Debug|x86.ActiveCfg = Debug|Any CPU
		{9ADAE561-4AC1-4D13-AB6D-8BF09B5F7B59}.Debug|x86.Build.0 = Debug|Any CPU
		{9ADAE561-4AC1-4D13-AB6D-8BF09B5F7B59}.Release|Any CPU.ActiveCfg = Release|Any CPU
		{9ADAE561-4AC1-4D13-AB6D-8BF09B5F7B59}.Release|Any CPU.Build.0 = Release|Any CPU
		{9ADAE561-4AC1-4D13-AB6D-8BF09B5F7B59}.Release|ARM.ActiveCfg = Release|Any CPU
		{9ADAE561-4AC1-4D13-AB6D-8BF09B5F7B59}.Release|ARM.Build.0 = Release|Any CPU
		{9ADAE561-4AC1-4D13-AB6D-8BF09B5F7B59}.Release|ARM64.ActiveCfg = Release|Any CPU
		{9ADAE561-4AC1-4D13-AB6D-8BF09B5F7B59}.Release|ARM64.Build.0 = Release|Any CPU
		{9ADAE561-4AC1-4D13-AB6D-8BF09B5F7B59}.Release|x64.ActiveCfg = Release|Any CPU
		{9ADAE561-4AC1-4D13-AB6D-8BF09B5F7B59}.Release|x64.Build.0 = Release|Any CPU
		{9ADAE561-4AC1-4D13-AB6D-8BF09B5F7B59}.Release|x86.ActiveCfg = Release|Any CPU
		{9ADAE561-4AC1-4D13-AB6D-8BF09B5F7B59}.Release|x86.Build.0 = Release|Any CPU
	EndGlobalSection
	GlobalSection(SolutionProperties) = preSolution
		HideSolutionNode = FALSE
	EndGlobalSection
	GlobalSection(NestedProjects) = preSolution
		{9E0A453F-002A-41CC-A0E2-ACC2E82515C8} = {DD0A8F91-B92F-444A-8874-A431D3F827AF}
		{429FF2C4-EAFB-40AE-9702-CCA144A17E99} = {A0AAE2C3-F65C-4B55-926C-76ECAF4CC25F}
		{D9618E66-C5C0-4B5C-8EA1-EF1F42A8E0AF} = {ECA47D02-A93C-45F4-A82D-30EB92B92450}
		{EF523506-8186-4C1A-997E-852D95DD08BC} = {ECA47D02-A93C-45F4-A82D-30EB92B92450}
		{CDBE43B8-A44D-4F6F-967E-395BBD95D050} = {EF523506-8186-4C1A-997E-852D95DD08BC}
		{840944A0-DB76-415A-8AB7-EEE9B8259959} = {EF523506-8186-4C1A-997E-852D95DD08BC}
		{A49C7E29-27F3-4DB7-841E-89FA0ADD5B58} = {EF523506-8186-4C1A-997E-852D95DD08BC}
		{E4623416-57C9-4D1C-BBD2-072D52061482} = {EF523506-8186-4C1A-997E-852D95DD08BC}
		{924C9F06-7827-47ED-BE41-7B8C2E4FBD52} = {EF523506-8186-4C1A-997E-852D95DD08BC}
		{00582CE7-25AF-4151-86F6-F02F12EA88A1} = {EF523506-8186-4C1A-997E-852D95DD08BC}
		{9DC47D55-A2F2-42CE-8023-715B7EFF9AEC} = {EF523506-8186-4C1A-997E-852D95DD08BC}
		{C4BBB69D-5786-4BB3-A35E-447894B92E4E} = {EF523506-8186-4C1A-997E-852D95DD08BC}
		{DBFDE4E2-A6E5-41DE-8D01-F712ED9980F6} = {EF523506-8186-4C1A-997E-852D95DD08BC}
		{261B2CF6-1F9D-49F1-8496-67F9A0CD5F94} = {EF523506-8186-4C1A-997E-852D95DD08BC}
		{BD519204-8773-42F2-8CB1-F169BE1AF169} = {D9618E66-C5C0-4B5C-8EA1-EF1F42A8E0AF}
		{647DD7D1-E134-4BAF-85B8-95D736DD99E4} = {D9618E66-C5C0-4B5C-8EA1-EF1F42A8E0AF}
		{80753E0F-7438-4A08-8E6C-E4983D1A7034} = {D9618E66-C5C0-4B5C-8EA1-EF1F42A8E0AF}
		{31F5814F-B0F6-4F67-909F-A39C88937706} = {D9618E66-C5C0-4B5C-8EA1-EF1F42A8E0AF}
		{9BB2CAE7-7DEB-4BE0-9132-380ED0B722EA} = {D9618E66-C5C0-4B5C-8EA1-EF1F42A8E0AF}
		{35B6A530-F214-48AA-A1AF-3C45994FC9C5} = {A0AAE2C3-F65C-4B55-926C-76ECAF4CC25F}
		{8488647C-280B-4FAE-9220-555663B36001} = {DD0A8F91-B92F-444A-8874-A431D3F827AF}
		{4619B82F-151D-4931-B868-56EF48D60A69} = {C16FB88E-0064-4E10-9DE0-8B486FF13040}
		{D121842F-8E33-4A28-AE16-4181BD575BC4} = {CCD06D70-BCA2-40C7-9595-CBCCAB28A728}
		{B5D7D218-5570-4065-A34B-B05EA8B728B7} = {CCD06D70-BCA2-40C7-9595-CBCCAB28A728}
		{9B3B34DF-98D0-4402-84C7-305DF1DBA0AD} = {EF523506-8186-4C1A-997E-852D95DD08BC}
		{9ADAE561-4AC1-4D13-AB6D-8BF09B5F7B59} = {EF523506-8186-4C1A-997E-852D95DD08BC}
	EndGlobalSection
	GlobalSection(ExtensibilityGlobals) = postSolution
		SolutionGuid = {D4FA22ED-11AE-45C9-B0EF-7C3C26D5807D}
	EndGlobalSection
EndGlobal
